
Microsoft Visual Studio Solution File, Format Version 12.00
# Visual Studio Version 17
VisualStudioVersion = 17.13.35818.85 d17.13
MinimumVisualStudioVersion = 10.0.40219.1
Project("{FAE04EC0-301F-11D3-BF4B-00C04F79EFBC}") = "ProgPart1", "ProgPart1\ProgPart1.csproj", "{6669871A-13FA-40A2-A4C6-F17F15C742F8}"
EndProject
Global
	GlobalSection(SolutionConfigurationPlatforms) = preSolution
		Debug|Any CPU = Debug|Any CPU
		Release|Any CPU = Release|Any CPU
	EndGlobalSection
	GlobalSection(ProjectConfigurationPlatforms) = postSolution
		{6669871A-13FA-40A2-A4C6-F17F15C742F8}.Debug|Any CPU.ActiveCfg = Debug|Any CPU
		{6669871A-13FA-40A2-A4C6-F17F15C742F8}.Debug|Any CPU.Build.0 = Debug|Any CPU
		{6669871A-13FA-40A2-A4C6-F17F15C742F8}.Release|Any CPU.ActiveCfg = Release|Any CPU
		{6669871A-13FA-40A2-A4C6-F17F15C742F8}.Release|Any CPU.Build.0 = Release|Any CPU
	EndGlobalSection
	GlobalSection(SolutionProperties) = preSolution
		HideSolutionNode = FALSE
	EndGlobalSection
	GlobalSection(ExtensibilityGlobals) = postSolution
		SolutionGuid = {357314D2-A799-4428-9514-34BCBEB1B81C}
	EndGlobalSection
EndGlobal
